
Microsoft Visual Studio Solution File, Format Version 12.00
# Visual Studio 15
VisualStudioVersion = 15.0.27004.2002
MinimumVisualStudioVersion = 10.0.40219.1
Project("{FAE04EC0-301F-11D3-BF4B-00C04F79EFBC}") = "sy201831980106", "sy201831980106\sy201831980106.csproj", "{56EF24F0-2A2B-4952-8801-67C3B64E8CC2}"
EndProject
Global
	GlobalSection(SolutionConfigurationPlatforms) = preSolution
		Debug|Any CPU = Debug|Any CPU
		Release|Any CPU = Release|Any CPU
	EndGlobalSection
	GlobalSection(ProjectConfigurationPlatforms) = postSolution
		{56EF24F0-2A2B-4952-8801-67C3B64E8CC2}.Debug|Any CPU.ActiveCfg = Debug|Any CPU
		{56EF24F0-2A2B-4952-8801-67C3B64E8CC2}.Debug|Any CPU.Build.0 = Debug|Any CPU
		{56EF24F0-2A2B-4952-8801-67C3B64E8CC2}.Release|Any CPU.ActiveCfg = Release|Any CPU
		{56EF24F0-2A2B-4952-8801-67C3B64E8CC2}.Release|Any CPU.Build.0 = Release|Any CPU
	EndGlobalSection
	GlobalSection(SolutionProperties) = preSolution
		HideSolutionNode = FALSE
	EndGlobalSection
	GlobalSection(ExtensibilityGlobals) = postSolution
		SolutionGuid = {D291EEA9-103D-4927-BD05-CE38F0C8A45A}
	EndGlobalSection
EndGlobal
